
Microsoft Visual Studio Solution File, Format Version 12.00
# Visual Studio Version 17
VisualStudioVersion = 17.4.33205.214
MinimumVisualStudioVersion = 10.0.40219.1
Project("{FAE04EC0-301F-11D3-BF4B-00C04F79EFBC}") = "PokeAPI", "PokeAPI\PokeAPI.csproj", "{AFEC7261-F653-44C1-916F-83674BDDA6F5}"
EndProject
Global
	GlobalSection(SolutionConfigurationPlatforms) = preSolution
		Debug|Any CPU = Debug|Any CPU
		Release|Any CPU = Release|Any CPU
	EndGlobalSection
	GlobalSection(ProjectConfigurationPlatforms) = postSolution
		{AFEC7261-F653-44C1-916F-83674BDDA6F5}.Debug|Any CPU.ActiveCfg = Debug|Any CPU
		{AFEC7261-F653-44C1-916F-83674BDDA6F5}.Debug|Any CPU.Build.0 = Debug|Any CPU
		{AFEC7261-F653-44C1-916F-83674BDDA6F5}.Release|Any CPU.ActiveCfg = Release|Any CPU
		{AFEC7261-F653-44C1-916F-83674BDDA6F5}.Release|Any CPU.Build.0 = Release|Any CPU
	EndGlobalSection
	GlobalSection(SolutionProperties) = preSolution
		HideSolutionNode = FALSE
	EndGlobalSection
	GlobalSection(ExtensibilityGlobals) = postSolution
		SolutionGuid = {1EC78339-ED95-4630-8108-71FEFB70ED6C}
	EndGlobalSection
EndGlobal
